
Microsoft Visual Studio Solution File, Format Version 12.00
# Visual Studio Version 16
VisualStudioVersion = 16.0.30114.105
MinimumVisualStudioVersion = 10.0.40219.1
Project("{2150E333-8FDC-42A3-9474-1A3956D46DE8}") = "src", "src", "{3CB0CB36-880A-4BDC-BB1E-D092BB2F9F45}"
EndProject
Project("{FAE04EC0-301F-11D3-BF4B-00C04F79EFBC}") = "SimpleAPI", "src\SimpleAPI\SimpleAPI.csproj", "{D3D582E7-2C50-4A2F-B2DB-620B68ED0E1A}"
EndProject
Project("{2150E333-8FDC-42A3-9474-1A3956D46DE8}") = "test", "test", "{E72C1249-4537-40E2-B79C-C38981978A42}"
EndProject
Project("{FAE04EC0-301F-11D3-BF4B-00C04F79EFBC}") = "SimpleAPI.test", "test\SimpleAPI.test\SimpleAPI.test.csproj", "{8E39BF72-0150-465A-BFF5-E9CFC34A89B4}"
EndProject
Global
	GlobalSection(SolutionConfigurationPlatforms) = preSolution
		Debug|Any CPU = Debug|Any CPU
		Debug|x64 = Debug|x64
		Debug|x86 = Debug|x86
		Release|Any CPU = Release|Any CPU
		Release|x64 = Release|x64
		Release|x86 = Release|x86
	EndGlobalSection
	GlobalSection(SolutionProperties) = preSolution
		HideSolutionNode = FALSE
	EndGlobalSection
	GlobalSection(ProjectConfigurationPlatforms) = postSolution
		{D3D582E7-2C50-4A2F-B2DB-620B68ED0E1A}.Debug|Any CPU.ActiveCfg = Debug|Any CPU
		{D3D582E7-2C50-4A2F-B2DB-620B68ED0E1A}.Debug|Any CPU.Build.0 = Debug|Any CPU
		{D3D582E7-2C50-4A2F-B2DB-620B68ED0E1A}.Debug|x64.ActiveCfg = Debug|Any CPU
		{D3D582E7-2C50-4A2F-B2DB-620B68ED0E1A}.Debug|x64.Build.0 = Debug|Any CPU
		{D3D582E7-2C50-4A2F-B2DB-620B68ED0E1A}.Debug|x86.ActiveCfg = Debug|Any CPU
		{D3D582E7-2C50-4A2F-B2DB-620B68ED0E1A}.Debug|x86.Build.0 = Debug|Any CPU
		{D3D582E7-2C50-4A2F-B2DB-620B68ED0E1A}.Release|Any CPU.ActiveCfg = Release|Any CPU
		{D3D582E7-2C50-4A2F-B2DB-620B68ED0E1A}.Release|Any CPU.Build.0 = Release|Any CPU
		{D3D582E7-2C50-4A2F-B2DB-620B68ED0E1A}.Release|x64.ActiveCfg = Release|Any CPU
		{D3D582E7-2C50-4A2F-B2DB-620B68ED0E1A}.Release|x64.Build.0 = Release|Any CPU
		{D3D582E7-2C50-4A2F-B2DB-620B68ED0E1A}.Release|x86.ActiveCfg = Release|Any CPU
		{D3D582E7-2C50-4A2F-B2DB-620B68ED0E1A}.Release|x86.Build.0 = Release|Any CPU
		{8E39BF72-0150-465A-BFF5-E9CFC34A89B4}.Debug|Any CPU.ActiveCfg = Debug|Any CPU
		{8E39BF72-0150-465A-BFF5-E9CFC34A89B4}.Debug|Any CPU.Build.0 = Debug|Any CPU
		{8E39BF72-0150-465A-BFF5-E9CFC34A89B4}.Debug|x64.ActiveCfg = Debug|Any CPU
		{8E39BF72-0150-465A-BFF5-E9CFC34A89B4}.Debug|x64.Build.0 = Debug|Any CPU
		{8E39BF72-0150-465A-BFF5-E9CFC34A89B4}.Debug|x86.ActiveCfg = Debug|Any CPU
		{8E39BF72-0150-465A-BFF5-E9CFC34A89B4}.Debug|x86.Build.0 = Debug|Any CPU
		{8E39BF72-0150-465A-BFF5-E9CFC34A89B4}.Release|Any CPU.ActiveCfg = Release|Any CPU
		{8E39BF72-0150-465A-BFF5-E9CFC34A89B4}.Release|Any CPU.Build.0 = Release|Any CPU
		{8E39BF72-0150-465A-BFF5-E9CFC34A89B4}.Release|x64.ActiveCfg = Release|Any CPU
		{8E39BF72-0150-465A-BFF5-E9CFC34A89B4}.Release|x64.Build.0 = Release|Any CPU
		{8E39BF72-0150-465A-BFF5-E9CFC34A89B4}.Release|x86.ActiveCfg = Release|Any CPU
		{8E39BF72-0150-465A-BFF5-E9CFC34A89B4}.Release|x86.Build.0 = Release|Any CPU
	EndGlobalSection
	GlobalSection(NestedProjects) = preSolution
		{D3D582E7-2C50-4A2F-B2DB-620B68ED0E1A} = {3CB0CB36-880A-4BDC-BB1E-D092BB2F9F45}
		{8E39BF72-0150-465A-BFF5-E9CFC34A89B4} = {E72C1249-4537-40E2-B79C-C38981978A42}
	EndGlobalSection
EndGlobal
